// !$*UTF8*$!
{
	archiveVersion = 1;
	classes = {
	};
	objectVersion = 50;
	objects = {

/* Begin PBXBuildFile section */
		5C61E45E233C554300CC6D37 /* AppDelegate.swift in Sources */ = {isa = PBXBuildFile; fileRef = 5C61E45D233C554300CC6D37 /* AppDelegate.swift */; };
		5C61E462233C554300CC6D37 /* ViewController.swift in Sources */ = {isa = PBXBuildFile; fileRef = 5C61E461233C554300CC6D37 /* ViewController.swift */; };
		5C61E465233C554300CC6D37 /* Main.storyboard in Resources */ = {isa = PBXBuildFile; fileRef = 5C61E463233C554300CC6D37 /* Main.storyboard */; };
		5C61E467233C554400CC6D37 /* Assets.xcassets in Resources */ = {isa = PBXBuildFile; fileRef = 5C61E466233C554400CC6D37 /* Assets.xcassets */; };
		5C61E46A233C554400CC6D37 /* LaunchScreen.storyboard in Resources */ = {isa = PBXBuildFile; fileRef = 5C61E468233C554400CC6D37 /* LaunchScreen.storyboard */; };
		5C61E472233C590100CC6D37 /* RunViewController.swift in Sources */ = {isa = PBXBuildFile; fileRef = 5C61E471233C590100CC6D37 /* RunViewController.swift */; };
		5C61E474233C590C00CC6D37 /* SacnViewController.swift in Sources */ = {isa = PBXBuildFile; fileRef = 5C61E473233C590C00CC6D37 /* SacnViewController.swift */; };
		5C61E476233C592100CC6D37 /* SwitchWifiViewController.swift in Sources */ = {isa = PBXBuildFile; fileRef = 5C61E475233C592100CC6D37 /* SwitchWifiViewController.swift */; };
/* End PBXBuildFile section */

/* Begin PBXFileReference section */
		5C61E45A233C554300CC6D37 /* 3DTouchQuickAction.app */ = {isa = PBXFileReference; explicitFileType = wrapper.application; includeInIndex = 0; path = 3DTouchQuickAction.app; sourceTree = BUILT_PRODUCTS_DIR; };
		5C61E45D233C554300CC6D37 /* AppDelegate.swift */ = {isa = PBXFileReference; lastKnownFileType = sourcecode.swift; path = AppDelegate.swift; sourceTree = "<group>"; };
		5C61E461233C554300CC6D37 /* ViewController.swift */ = {isa = PBXFileReference; lastKnownFileType = sourcecode.swift; path = ViewController.swift; sourceTree = "<group>"; };
		5C61E464233C554300CC6D37 /* Base */ = {isa = PBXFileReference; lastKnownFileType = file.storyboard; name = Base; path = Base.lproj/Main.storyboard; sourceTree = "<group>"; };
		5C61E466233C554400CC6D37 /* Assets.xcassets */ = {isa = PBXFileReference; lastKnownFileType = folder.assetcatalog; path = Assets.xcassets; sourceTree = "<group>"; };
		5C61E469233C554400CC6D37 /* Base */ = {isa = PBXFileReference; lastKnownFileType = file.storyboard; name = Base; path = Base.lproj/LaunchScreen.storyboard; sourceTree = "<group>"; };
		5C61E46B233C554400CC6D37 /* Info.plist */ = {isa = PBXFileReference; lastKnownFileType = text.plist.xml; path = Info.plist; sourceTree = "<group>"; };
		5C61E471233C590100CC6D37 /* RunViewController.swift */ = {isa = PBXFileReference; lastKnownFileType = sourcecode.swift; path = RunViewController.swift; sourceTree = "<group>"; };
		5C61E473233C590C00CC6D37 /* SacnViewController.swift */ = {isa = PBXFileReference; lastKnownFileType = sourcecode.swift; path = SacnViewController.swift; sourceTree = "<group>"; };
		5C61E475233C592100CC6D37 /* SwitchWifiViewController.swift */ = {isa = PBXFileReference; lastKnownFileType = sourcecode.swift; path = SwitchWifiViewController.swift; sourceTree = "<group>"; };
/* End PBXFileReference section */

/* Begin PBXFrameworksBuildPhase section */
		5C61E457233C554300CC6D37 /* Frameworks */ = {
			isa = PBXFrameworksBuildPhase;
			buildActionMask = 2147483647;
			files = (
			);
			runOnlyForDeploymentPostprocessing = 0;
		};
/* End PBXFrameworksBuildPhase section */

/* Begin PBXGroup section */
		5C61E451233C554300CC6D37 = {
			isa = PBXGroup;
			children = (
				5C61E45C233C554300CC6D37 /* 3DTouchQuickAction */,
				5C61E45B233C554300CC6D37 /* Products */,
			);
			sourceTree = "<group>";
		};
		5C61E45B233C554300CC6D37 /* Products */ = {
			isa = PBXGroup;
			children = (
				5C61E45A233C554300CC6D37 /* 3DTouchQuickAction.app */,
			);
			name = Products;
			sourceTree = "<group>";
		};
		5C61E45C233C554300CC6D37 /* 3DTouchQuickAction */ = {
			isa = PBXGroup;
			children = (
				5C61E45D233C554300CC6D37 /* AppDelegate.swift */,
				5C61E461233C554300CC6D37 /* ViewController.swift */,
				5C61E463233C554300CC6D37 /* Main.storyboard */,
				5C61E466233C554400CC6D37 /* Assets.xcassets */,
				5C61E468233C554400CC6D37 /* LaunchScreen.storyboard */,
				5C61E46B233C554400CC6D37 /* Info.plist */,
				5C61E471233C590100CC6D37 /* RunViewController.swift */,
				5C61E473233C590C00CC6D37 /* SacnViewController.swift */,
				5C61E475233C592100CC6D37 /* SwitchWifiViewController.swift */,
			);
			path = 3DTouchQuickAction;
			sourceTree = "<group>";
		};
/* End PBXGroup section */

/* Begin PBXNativeTarget section */
		5C61E459233C554300CC6D37 /* 3DTouchQuickAction */ = {
			isa = PBXNativeTarget;
			buildConfigurationList = 5C61E46E233C554400CC6D37 /* Build configuration list for PBXNativeTarget "3DTouchQuickAction" */;
			buildPhases = (
				5C61E456233C554300CC6D37 /* Sources */,
				5C61E457233C554300CC6D37 /* Frameworks */,
				5C61E458233C554300CC6D37 /* Resources */,
			);
			buildRules = (
			);
			dependencies = (
			);
			name = 3DTouchQuickAction;
			productName = 3DTouchQuickAction;
			productReference = 5C61E45A233C554300CC6D37 /* 3DTouchQuickAction.app */;
			productType = "com.apple.product-type.application";
		};
/* End PBXNativeTarget section */

/* Begin PBXProject section */
		5C61E452233C554300CC6D37 /* Project object */ = {
			isa = PBXProject;
			attributes = {
				LastSwiftUpdateCheck = 1100;
				LastUpgradeCheck = 1100;
				ORGANIZATIONNAME = "Shuai Hao";
				TargetAttributes = {
					5C61E459233C554300CC6D37 = {
						CreatedOnToolsVersion = 11.0;
					};
				};
			};
			buildConfigurationList = 5C61E455233C554300CC6D37 /* Build configuration list for PBXProject "3DTouchQuickAction" */;
			compatibilityVersion = "Xcode 9.3";
			developmentRegion = en;
			hasScannedForEncodings = 0;
			knownRegions = (
				en,
				Base,
			);
			mainGroup = 5C61E451233C554300CC6D37;
			productRefGroup = 5C61E45B233C554300CC6D37 /* Products */;
			projectDirPath = "";
			projectRoot = "";
			targets = (
				5C61E459233C554300CC6D37 /* 3DTouchQuickAction */,
			);
		};
/* End PBXProject section */

/* Begin PBXResourcesBuildPhase section */
		5C61E458233C554300CC6D37 /* Resources */ = {
			isa = PBXResourcesBuildPhase;
			buildActionMask = 2147483647;
			files = (
				5C61E46A233C554400CC6D37 /* LaunchScreen.storyboard in Resources */,
				5C61E467233C554400CC6D37 /* Assets.xcassets in Resources */,
				5C61E465233C554300CC6D37 /* Main.storyboard in Resources */,
			);
			runOnlyForDeploymentPostprocessing = 0;
		};
/* End PBXResourcesBuildPhase section */

/* Begin PBXSourcesBuildPhase section */
		5C61E456233C554300CC6D37 /* Sources */ = {
			isa = PBXSourcesBuildPhase;
			buildActionMask = 2147483647;
			files = (
				5C61E462233C554300CC6D37 /* ViewController.swift in Sources */,
				5C61E45E233C554300CC6D37 /* AppDelegate.swift in Sources */,
				5C61E474233C590C00CC6D37 /* SacnViewController.swift in Sources */,
				5C61E472233C590100CC6D37 /* RunViewController.swift in Sources */,
				5C61E476233C592100CC6D37 /* SwitchWifiViewController.swift in Sources */,
			);
			runOnlyForDeploymentPostprocessing = 0;
		};
/* End PBXSourcesBuildPhase section */

/* Begin PBXVariantGroup section */
		5C61E463233C554300CC6D37 /* Main.storyboard */ = {
			isa = PBXVariantGroup;
			children = (
				5C61E464233C554300CC6D37 /* Base */,
			);
			name = Main.storyboard;
			sourceTree = "<group>";
		};
		5C61E468233C554400CC6D37 /* LaunchScreen.storyboard */ = {
			isa = PBXVariantGroup;
			children = (
				5C61E469233C554400CC6D37 /* Base */,
			);
			name = LaunchScreen.storyboard;
			sourceTree = "<group>";
		};
/* End PBXVariantGroup section */

/* Begin XCBuildConfiguration section */
		5C61E46C233C554400CC6D37 /* Debug */ = {
			isa = XCBuildConfiguration;
			buildSettings = {
				ALWAYS_SEARCH_USER_PATHS = NO;
				CLANG_ANALYZER_NONNULL = YES;
				CLANG_ANALYZER_NUMBER_OBJECT_CONVERSION = YES_AGGRESSIVE;
				CLANG_CXX_LANGUAGE_STANDARD = "gnu++14";
				CLANG_CXX_LIBRARY = "libc++";
				CLANG_ENABLE_MODULES = YES;
				CLANG_ENABLE_OBJC_ARC = YES;
				CLANG_ENABLE_OBJC_WEAK = YES;
				CLANG_WARN_BLOCK_CAPTURE_AUTORELEASING = YES;
				CLANG_WARN_BOOL_CONVERSION = YES;
				CLANG_WARN_COMMA = YES;
				CLANG_WARN_CONSTANT_CONVERSION = YES;
				CLANG_WARN_DEPRECATED_OBJC_IMPLEMENTATIONS = YES;
				CLANG_WARN_DIRECT_OBJC_ISA_USAGE = YES_ERROR;
				CLANG_WARN_DOCUMENTATION_COMMENTS = YES;
				CLANG_WARN_EMPTY_BODY = YES;
				CLANG_WARN_ENUM_CONVERSION = YES;
				CLANG_WARN_INFINITE_RECURSION = YES;
				CLANG_WARN_INT_CONVERSION = YES;
				CLANG_WARN_NON_LITERAL_NULL_CONVERSION = YES;
				CLANG_WARN_OBJC_IMPLICIT_RETAIN_SELF = YES;
				CLANG_WARN_OBJC_LITERAL_CONVERSION = YES;
				CLANG_WARN_OBJC_ROOT_CLASS = YES_ERROR;
				CLANG_WARN_RANGE_LOOP_ANALYSIS = YES;
				CLANG_WARN_STRICT_PROTOTYPES = YES;
				CLANG_WARN_SUSPICIOUS_MOVE = YES;
				CLANG_WARN_UNGUARDED_AVAILABILITY = YES_AGGRESSIVE;
				CLANG_WARN_UNREACHABLE_CODE = YES;
				CLANG_WARN__DUPLICATE_METHOD_MATCH = YES;
				COPY_PHASE_STRIP = NO;
				DEBUG_INFORMATION_FORMAT = dwarf;
				ENABLE_STRICT_OBJC_MSGSEND = YES;
				ENABLE_TESTABILITY = YES;
				GCC_C_LANGUAGE_STANDARD = gnu11;
				GCC_DYNAMIC_NO_PIC = NO;
				GCC_NO_COMMON_BLOCKS = YES;
				GCC_OPTIMIZATION_LEVEL = 0;
				GCC_PREPROCESSOR_DEFINITIONS = (
					"DEBUG=1",
					"$(inherited)",
				);
				GCC_WARN_64_TO_32_BIT_CONVERSION = YES;
				GCC_WARN_ABOUT_RETURN_TYPE = YES_ERROR;
				GCC_WARN_UNDECLARED_SELECTOR = YES;
				GCC_WARN_UNINITIALIZED_AUTOS = YES_AGGRESSIVE;
				GCC_WARN_UNUSED_FUNCTION = YES;
				GCC_WARN_UNUSED_VARIABLE = YES;
				IPHONEOS_DEPLOYMENT_TARGET = 11.0;
				MTL_ENABLE_DEBUG_INFO = INCLUDE_SOURCE;
				MTL_FAST_MATH = YES;
				ONLY_ACTIVE_ARCH = YES;
				SDKROOT = iphoneos;
				SWIFT_ACTIVE_COMPILATION_CONDITIONS = DEBUG;
				SWIFT_OPTIMIZATION_LEVEL = "-Onone";
			};
			name = Debug;
		};
		5C61E46D233C554400CC6D37 /* Release */ = {
			isa = XCBuildConfiguration;
			buildSettings = {
				ALWAYS_SEARCH_USER_PATHS = NO;
				CLANG_ANALYZER_NONNULL = YES;
				CLANG_ANALYZER_NUMBER_OBJECT_CONVERSION = YES_AGGRESSIVE;
				CLANG_CXX_LANGUAGE_STANDARD = "gnu++14";
				CLANG_CXX_LIBRARY = "libc++";
				CLANG_ENABLE_MODULES = YES;
				CLANG_ENABLE_OBJC_ARC = YES;
				CLANG_ENABLE_OBJC_WEAK = YES;
				CLANG_WARN_BLOCK_CAPTURE_AUTORELEASING = YES;
				CLANG_WARN_BOOL_CONVERSION = YES;
				CLANG_WARN_COMMA = YES;
				CLANG_WARN_CONSTANT_CONVERSION = YES;
				CLANG_WARN_DEPRECATED_OBJC_IMPLEMENTATIONS = YES;
				CLANG_WARN_DIRECT_OBJC_ISA_USAGE = YES_ERROR;
				CLANG_WARN_DOCUMENTATION_COMMENTS = YES;
				CLANG_WARN_EMPTY_BODY = YES;
				CLANG_WARN_ENUM_CONVERSION = YES;
				CLANG_WARN_INFINITE_RECURSION = YES;
				CLANG_WARN_INT_CONVERSION = YES;
				CLANG_WARN_NON_LITERAL_NULL_CONVERSION = YES;
				CLANG_WARN_OBJC_IMPLICIT_RETAIN_SELF = YES;
				CLANG_WARN_OBJC_LITERAL_CONVERSION = YES;
				CLANG_WARN_OBJC_ROOT_CLASS = YES_ERROR;
				CLANG_WARN_RANGE_LOOP_ANALYSIS = YES;
				CLANG_WARN_STRICT_PROTOTYPES = YES;
				CLANG_WARN_SUSPICIOUS_MOVE = YES;
				CLANG_WARN_UNGUARDED_AVAILABILITY = YES_AGGRESSIVE;
				CLANG_WARN_UNREACHABLE_CODE = YES;
				CLANG_WARN__DUPLICATE_METHOD_MATCH = YES;
				COPY_PHASE_STRIP = NO;
				DEBUG_INFORMATION_FORMAT = "dwarf-with-dsym";
				ENABLE_NS_ASSERTIONS = NO;
				ENABLE_STRICT_OBJC_MSGSEND = YES;
				GCC_C_LANGUAGE_STANDARD = gnu11;
				GCC_NO_COMMON_BLOCKS = YES;
				GCC_WARN_64_TO_32_BIT_CONVERSION = YES;
				GCC_WARN_ABOUT_RETURN_TYPE = YES_ERROR;
				GCC_WARN_UNDECLARED_SELECTOR = YES;
				GCC_WARN_UNINITIALIZED_AUTOS = YES_AGGRESSIVE;
				GCC_WARN_UNUSED_FUNCTION = YES;
				GCC_WARN_UNUSED_VARIABLE = YES;
				IPHONEOS_DEPLOYMENT_TARGET = 11.0;
				MTL_ENABLE_DEBUG_INFO = NO;
				MTL_FAST_MATH = YES;
				SDKROOT = iphoneos;
				SWIFT_COMPILATION_MODE = wholemodule;
				SWIFT_OPTIMIZATION_LEVEL = "-O";
				VALIDATE_PRODUCT = YES;
			};
			name = Release;
		};
		5C61E46F233C554400CC6D37 /* Debug */ = {
			isa = XCBuildConfiguration;
			buildSettings = {
				ASSETCATALOG_COMPILER_APPICON_NAME = AppIcon;
				CODE_SIGN_STYLE = Automatic;
				DEVELOPMENT_TEAM = 4ETG2FT486;
				INFOPLIST_FILE = 3DTouchQuickAction/Info.plist;
				LD_RUNPATH_SEARCH_PATHS = (
					"$(inherited)",
					"@executable_path/Frameworks",
				);
				PRODUCT_BUNDLE_IDENTIFIER = "com.hs.test.-DTouchQuickAction";
				PRODUCT_NAME = "$(TARGET_NAME)";
				SWIFT_VERSION = 5.0;
				TARGETED_DEVICE_FAMILY = "1,2";
			};
			name = Debug;
		};
		5C61E470233C554400CC6D37 /* Release */ = {
			isa = XCBuildConfiguration;
			buildSettings = {
				ASSETCATALOG_COMPILER_APPICON_NAME = AppIcon;
				CODE_SIGN_STYLE = Automatic;
				DEVELOPMENT_TEAM = 4ETG2FT486;
				INFOPLIST_FILE = 3DTouchQuickAction/Info.plist;
				LD_RUNPATH_SEARCH_PATHS = (
					"$(inherited)",
					"@executable_path/Frameworks",
				);
				PRODUCT_BUNDLE_IDENTIFIER = "com.hs.test.-DTouchQuickAction";
				PRODUCT_NAME = "$(TARGET_NAME)";
				SWIFT_VERSION = 5.0;
				TARGETED_DEVICE_FAMILY = "1,2";
			};
			name = Release;
		};
/* End XCBuildConfiguration section */

/* Begin XCConfigurationList section */
		5C61E455233C554300CC6D37 /* Build configuration list for PBXProject "3DTouchQuickAction" */ = {
			isa = XCConfigurationList;
			buildConfigurations = (
				5C61E46C233C554400CC6D37 /* Debug */,
				5C61E46D233C554400CC6D37 /* Release */,
			);
			defaultConfigurationIsVisible = 0;
			defaultConfigurationName = Release;
		};
		5C61E46E233C554400CC6D37 /* Build configuration list for PBXNativeTarget "3DTouchQuickAction" */ = {
			isa = XCConfigurationList;
			buildConfigurations = (
				5C61E46F233C554400CC6D37 /* Debug */,
				5C61E470233C554400CC6D37 /* Release */,
			);
			defaultConfigurationIsVisible = 0;
			defaultConfigurationName = Release;
		};
/* End XCConfigurationList section */
	};
	rootObject = 5C61E452233C554300CC6D37 /* Project object */;
}
